# This file is autogenerated, do not edit; changes may be undone by the next 'dep ensure'.


[[projects]]
  name = "github.com/Microsoft/go-winio"
  packages = ["."]
  revision = "78439966b38d69bf38227fbf57ac8a6fee70f69a"
  version = "v0.4.5"

[[projects]]
  name = "github.com/Shopify/sarama"
  packages = ["."]
  revision = "15174039fd207656a0f97f52bc78ec7793deeada"

[[projects]]
  branch = "master"
  name = "github.com/StackExchange/wmi"
  packages = ["."]
  revision = "ea383cf3ba6ec950874b8486cd72356d007c768f"

[[projects]]
  name = "github.com/davecgh/go-spew"
  packages = ["spew"]
  revision = "346938d642f2ec3594ed81d874461961cd0faa76"
  version = "v1.1.0"

[[projects]]
  name = "github.com/docker/distribution"
  packages = [
    "digest",
    "reference"
  ]
  revision = "48294d928ced5dd9b378f7fd7c6f5da3ff3f2c89"
  version = "v2.6.2"

[[projects]]
  name = "github.com/docker/docker"
  packages = [
    "api/types",
    "api/types/blkiodev",
    "api/types/container",
    "api/types/events",
    "api/types/filters",
    "api/types/mount",
    "api/types/network",
    "api/types/reference",
    "api/types/registry",
    "api/types/strslice",
    "api/types/swarm",
    "api/types/time",
    "api/types/versions",
    "api/types/volume",
    "client",
    "pkg/tlsconfig"
  ]
  revision = "092cba3727bb9b4a2f0e922cd6c0f93ea270e363"
  version = "v1.13.1"

[[projects]]
  name = "github.com/docker/go-connections"
  packages = [
    "nat",
    "sockets",
    "tlsconfig"
  ]
  revision = "3ede32e2033de7505e6500d6c868c2b9ed9f169d"
  version = "v0.3.0"

[[projects]]
  name = "github.com/docker/go-units"
  packages = ["."]
  revision = "0dadbb0345b35ec7ef35e228dabb8de89a65bf52"
  version = "v0.3.2"

[[projects]]
  name = "github.com/eapache/go-resiliency"
  packages = ["breaker"]
  revision = "6800482f2c813e689c88b7ed3282262385011890"
  version = "v1.0.0"

[[projects]]
  branch = "master"
  name = "github.com/eapache/go-xerial-snappy"
  packages = ["."]
  revision = "bb955e01b9346ac19dc29eb16586c90ded99a98c"

[[projects]]
  name = "github.com/eapache/queue"
  packages = ["."]
  revision = "44cc805cf13205b55f69e14bcb69867d1ae92f98"
  version = "v1.1.0"

[[projects]]
  name = "github.com/elastic/beats"
  packages = [
    "libbeat/api",
    "libbeat/autodiscover",
    "libbeat/autodiscover/meta",
    "libbeat/autodiscover/providers/docker",
    "libbeat/autodiscover/template",
    "libbeat/beat",
    "libbeat/cfgfile",
    "libbeat/cloudid",
    "libbeat/cmd",
    "libbeat/cmd/export",
    "libbeat/cmd/instance",
    "libbeat/cmd/test",
    "libbeat/common",
    "libbeat/common/atomic",
    "libbeat/common/bus",
    "libbeat/common/cfgwarn",
    "libbeat/common/cli",
    "libbeat/common/docker",
    "libbeat/common/dtfmt",
    "libbeat/common/file",
    "libbeat/common/fmtstr",
    "libbeat/common/jsontransform",
    "libbeat/common/match",
    "libbeat/common/schema",
    "libbeat/common/schema/mapstriface",
    "libbeat/common/streambuf",
    "libbeat/common/terminal",
    "libbeat/dashboards",
    "libbeat/keystore",
    "libbeat/logp",
    "libbeat/logp/configure",
    "libbeat/metric/system/cpu",
    "libbeat/metric/system/memory",
    "libbeat/metric/system/process",
    "libbeat/monitoring",
    "libbeat/monitoring/adapter",
    "libbeat/monitoring/report",
    "libbeat/monitoring/report/elasticsearch",
    "libbeat/monitoring/report/log",
    "libbeat/outputs",
    "libbeat/outputs/codec",
    "libbeat/outputs/codec/format",
    "libbeat/outputs/codec/json",
    "libbeat/outputs/console",
    "libbeat/outputs/elasticsearch",
    "libbeat/outputs/fileout",
    "libbeat/outputs/kafka",
    "libbeat/outputs/logstash",
    "libbeat/outputs/outil",
    "libbeat/outputs/redis",
    "libbeat/outputs/transport",
    "libbeat/paths",
    "libbeat/plugin",
    "libbeat/processors",
    "libbeat/processors/actions",
    "libbeat/processors/add_cloud_metadata",
    "libbeat/processors/add_docker_metadata",
    "libbeat/processors/add_kubernetes_metadata",
    "libbeat/processors/add_locale",
    "libbeat/publisher",
    "libbeat/publisher/includes",
    "libbeat/publisher/pipeline",
    "libbeat/publisher/queue",
    "libbeat/publisher/queue/memqueue",
    "libbeat/service",
    "libbeat/setup/kibana",
    "libbeat/template",
    "libbeat/testing",
    "libbeat/version"
  ]
  revision = "2924e6ecab1ef842eb6f10e37b7f74980523c5b2"

[[projects]]
  name = "github.com/elastic/go-lumber"
  packages = [
    "client/v2",
    "protocol/v2"
  ]
  revision = "616041e345fc33c97bc0eb0fa6b388aa07bca3e1"
  version = "v0.1.0"

[[projects]]
  name = "github.com/elastic/go-ucfg"
  packages = [
    ".",
    "cfgutil",
    "flag",
    "internal/parse",
    "json",
    "yaml"
  ]
  revision = "ec8488a52542c0c51e42e8ea204dcaff400bc644"
  version = "v0.4.6"

[[projects]]
  branch = "master"
  name = "github.com/elastic/gosigar"
  packages = [
    ".",
    "sys/windows"
  ]
  revision = "86d923f6c4af0fdf619a54467c0cee30b6b73cbb"

[[projects]]
  name = "github.com/ericchiang/k8s"
  packages = [
    ".",
    "api/resource",
    "api/unversioned",
    "api/v1",
    "apis/apps/v1alpha1",
    "apis/apps/v1beta1",
    "apis/authentication/v1",
    "apis/authentication/v1beta1",
    "apis/authorization/v1",
    "apis/authorization/v1beta1",
    "apis/autoscaling/v1",
    "apis/autoscaling/v2alpha1",
    "apis/batch/v1",
    "apis/batch/v2alpha1",
    "apis/certificates/v1alpha1",
    "apis/certificates/v1beta1",
    "apis/extensions/v1beta1",
    "apis/imagepolicy/v1alpha1",
    "apis/meta/v1",
    "apis/policy/v1alpha1",
    "apis/policy/v1beta1",
    "apis/rbac/v1alpha1",
    "apis/rbac/v1beta1",
    "apis/settings/v1alpha1",
    "apis/storage/v1",
    "apis/storage/v1beta1",
    "runtime",
    "runtime/schema",
    "util/intstr",
    "watch/versioned"
  ]
  revision = "68b0248f880c5967d1ba7166486cb216af849b15"
  version = "v0.4.0"

[[projects]]
  name = "github.com/fatih/color"
  packages = ["."]
  revision = "62e9147c64a1ed519147b62a56a14e83e2be02c1"

[[projects]]
  branch = "v0.1.1"
  name = "github.com/fatih/set"
  packages = ["."]
  revision = "27c40922c40b43fe04554d8223a402af3ea333f3"

[[projects]]
  name = "github.com/garyburd/redigo"
  packages = [
    "internal",
    "redis"
  ]
  revision = "d1ed5c67e5794de818ea85e6b522fda02623a484"
  version = "v1.4.0"

[[projects]]
  name = "github.com/ghodss/yaml"
  packages = ["."]
  revision = "0ca9ea5df5451ffdf184b4428c902747c2c11cd7"
  version = "v1.0.0"

[[projects]]
  branch = "master"
  name = "github.com/go-ole/go-ole"
  packages = [
    ".",
    "oleutil"
  ]
  revision = "a41e3c4b706f6ae8dfbff342b06e40fa4d2d0506"

[[projects]]
  name = "github.com/go-sourcemap/sourcemap"
  packages = [
    ".",
    "base64vlq"
  ]
  revision = "4dcf5f6442018e298fdd505370345ef78552c31c"
  version = "v2.0.1"

[[projects]]
  branch = "master"
  name = "github.com/golang/protobuf"
  packages = ["proto"]
  revision = "1e59b77b52bf8e4b449a57e6f79f21226d571845"

[[projects]]
  branch = "master"
  name = "github.com/golang/snappy"
  packages = ["."]
  revision = "553a641470496b2327abcac10b36396bd98e45c9"

[[projects]]
  branch = "master"
  name = "github.com/hashicorp/golang-lru"
  packages = [
    ".",
    "simplelru"
  ]
  revision = "0a025b7e63adc15a622f29b0b2c4c3848243bbf6"

[[projects]]
  name = "github.com/inconshreveable/mousetrap"
  packages = ["."]
  revision = "76626ae9c91c4f2a10f34cad8ce83ea42c93bb75"
  version = "v1.0"

[[projects]]
  branch = "master"
  name = "github.com/joeshaw/multierror"
  packages = ["."]
  revision = "69b34d4ec901851247ae7e77d33909caf9df99ed"

[[projects]]
  branch = "master"
  name = "github.com/kabukky/httpscerts"
  packages = ["."]
  revision = "617593d7dcb39c9ed617bb62c5e2056244d02184"

[[projects]]
  name = "github.com/klauspost/compress"
  packages = [
    "flate",
    "zlib"
  ]
  revision = "6c8db69c4b49dd4df1fff66996cf556176d0b9bf"
  version = "v1.2.1"

[[projects]]
  name = "github.com/klauspost/cpuid"
  packages = ["."]
  revision = "ae7887de9fa5d2db4eaa8174a7eff2c1ac00f2da"
  version = "v1.1"

[[projects]]
  name = "github.com/mattn/go-colorable"
  packages = ["."]
  revision = "3fa8c76f9daed4067e4a806fb7e4dc86455c6d6a"

[[projects]]
  name = "github.com/mattn/go-isatty"
  packages = ["."]
  revision = "fc9e8d8ef48496124e79ae0df75490096eccf6fe"
  version = "v0.0.2"

[[projects]]
  branch = "master"
  name = "github.com/mitchellh/hashstructure"
  packages = ["."]
  revision = "2bca23e0e452137f789efbc8610126fd8b94f73b"

[[projects]]
  branch = "master"
  name = "github.com/mitchellh/mapstructure"
  packages = ["."]
  revision = "06020f85339e21b2478f756a78e295255ffa4d6a"

[[projects]]
  name = "github.com/patrickmn/go-cache"
  packages = ["."]
  revision = "a3647f8e31d79543b2d0f0ae2fe5c379d72cedc0"
  version = "v2.1.0"

[[projects]]
  name = "github.com/pierrec/lz4"
  packages = ["."]
  revision = "2fcda4cb7018ce05a25959d2fe08c83e3329f169"
  version = "v1.1"

[[projects]]
  name = "github.com/pierrec/xxHash"
  packages = ["xxHash32"]
  revision = "f051bb7f1d1aaf1b5a665d74fb6b0217712c69f7"
  version = "v0.1.1"

[[projects]]
  name = "github.com/pkg/errors"
  packages = ["."]
  revision = "645ef00459ed84a119197bfb8d8205042c6df63d"
  version = "v0.8.0"

[[projects]]
  name = "github.com/pmezard/go-difflib"
  packages = ["difflib"]
  revision = "792786c7400a136282c1664665ae0a8db921c6c2"
  version = "v1.0.0"

[[projects]]
  branch = "master"
  name = "github.com/rcrowley/go-metrics"
  packages = ["."]
  revision = "e181e095bae94582363434144c61a9653aff6e50"

[[projects]]
  branch = "master"
  name = "github.com/ryanuber/go-glob"
  packages = ["."]
  revision = "256dc444b735e061061cf46c809487313d5b0065"

[[projects]]
  name = "github.com/santhosh-tekuri/jsonschema"
  packages = [
    ".",
    "formats",
    "loader"
  ]
  revision = "63accc9deedeee33b7caf4e241f8a9ebdf031069"
  version = "v1.0.0"

[[projects]]
  name = "github.com/satori/go.uuid"
  packages = ["."]
  revision = "879c5887cd475cd7864858769793b2ceb0d44feb"
  version = "v1.1.0"

[[projects]]
  name = "github.com/sergi/go-diff"
  packages = ["diffmatchpatch"]
  revision = "feef008d51ad2b3778f85d387ccf91735543008d"

[[projects]]
  name = "github.com/spf13/cobra"
  packages = ["."]
  revision = "1be1d2841c773c01bee8289f55f7463b6e2c2539"

[[projects]]
  branch = "master"
  name = "github.com/spf13/pflag"
  packages = ["."]
  revision = "4c012f6dcd9546820e378d0bdda4d8fc772cdfea"

[[projects]]
  name = "github.com/stretchr/testify"
  packages = ["assert"]
  revision = "69483b4bd14f5845b5a1e55bca19e954e827f1d0"
  version = "v1.1.4"

[[projects]]
  name = "github.com/urso/go-structform"
  packages = [
    ".",
    "gotype",
    "internal/unsafe",
    "json",
    "visitors"
  ]
  revision = "844d7d44009e9e8c0f08016fc4dab64e136ca040"
  version = "v0.0.2"

[[projects]]
  name = "github.com/yudai/gojsondiff"
  packages = [
    ".",
    "formatter"
  ]
  revision = "081cda2ee95045a2c26da52c2ba80860838549de"

[[projects]]
  branch = "master"
  name = "github.com/yudai/golcs"
  packages = ["."]
  revision = "ecda9a501e8220fae3b4b600c3db4b0ba22cfc68"

[[projects]]
  name = "go.uber.org/atomic"
  packages = ["."]
  revision = "8474b86a5a6f79c443ce4b2992817ff32cf208b8"
  version = "v1.3.1"

[[projects]]
  branch = "master"
  name = "go.uber.org/multierr"
  packages = ["."]
  revision = "fb7d312c2c04c34f0ad621048bbb953b168f9ff6"

[[projects]]
  branch = "master"
  name = "go.uber.org/zap"
  packages = [
    ".",
    "buffer",
    "internal/bufferpool",
    "internal/color",
    "internal/exit",
    "zapcore",
    "zaptest/observer"
  ]
  revision = "f85c78b1dd998214c5f2138155b320a4a43fbe36"

[[projects]]
  branch = "master"
  name = "golang.org/x/crypto"
  packages = [
    "pbkdf2",
    "ssh/terminal"
  ]
  revision = "0fcca4842a8d74bfddc2c96a073bd2a4d2a7a2e8"

[[projects]]
  branch = "master"
  name = "golang.org/x/net"
  packages = [
    "context",
    "context/ctxhttp",
    "http2",
    "http2/hpack",
    "idna",
    "lex/httplex",
    "proxy"
  ]
  revision = "42fe2e1c20de1054d3d30f82cc9fb5b41e2e3767"

[[projects]]
  branch = "master"
  name = "golang.org/x/sys"
  packages = [
    "unix",
    "windows",
    "windows/registry",
    "windows/svc",
    "windows/svc/debug",
    "windows/svc/eventlog"
  ]
  revision = "a3f2cbd54cf5dfe3fbaccf76375fdb12f67654c8"

[[projects]]
  branch = "master"
  name = "golang.org/x/text"
  packages = [
    "collate",
    "collate/build",
    "internal/colltab",
    "internal/gen",
    "internal/tag",
    "internal/triegen",
    "internal/ucd",
    "language",
    "secure/bidirule",
    "transform",
    "unicode/bidi",
    "unicode/cldr",
    "unicode/norm",
    "unicode/rangetable"
  ]
  revision = "e19ae1496984b1c655b8044a65c0300a3c878dd3"

[[projects]]
  name = "golang.org/x/time"
  packages = ["rate"]
  revision = "8be79e1e0910c292df4e79c241bb7e8f7e725959"

[[projects]]
  branch = "master"
  name = "golang.org/x/tools"
  packages = [
    "go/ast/astutil",
    "go/buildutil",
    "go/loader"
  ]
  revision = "b790d0ba0332a621d0b58cfd69fa13bd3dc358d2"

[[projects]]
  branch = "v2"
  name = "gopkg.in/yaml.v2"
  packages = ["."]
  revision = "0e4404da71227dcc02fb1deee803d93e86d08f72"

[solve-meta]
  analyzer-name = "dep"
  analyzer-version = 1
  inputs-digest = "9dd9520da5aa60bad729f474d8f6da688ac6f6fb048ff499022488f75dcbc5bb"
  solver-name = "gps-cdcl"
  solver-version = 1
